
Microsoft Visual Studio Solution File, Format Version 12.00
# Visual Studio 15
VisualStudioVersion = 15.0.28307.572
MinimumVisualStudioVersion = 10.0.40219.1
Project("{8BC9CEB8-8B4A-11D0-8D11-00A0C91BC942}") = "dxproject", "dxproject\dxproject.vcxproj", "{D88137F9-4A9B-47F6-A2CF-8118CB727649}"
EndProject
Global
	GlobalSection(SolutionConfigurationPlatforms) = preSolution
		Debug|x64 = Debug|x64
		Debug|x86 = Debug|x86
		Release|x64 = Release|x64
		Release|x86 = Release|x86
	EndGlobalSection
	GlobalSection(ProjectConfigurationPlatforms) = postSolution
		{D88137F9-4A9B-47F6-A2CF-8118CB727649}.Debug|x64.ActiveCfg = Debug|x64
		{D88137F9-4A9B-47F6-A2CF-8118CB727649}.Debug|x64.Build.0 = Debug|x64
		{D88137F9-4A9B-47F6-A2CF-8118CB727649}.Debug|x86.ActiveCfg = Debug|Win32
		{D88137F9-4A9B-47F6-A2CF-8118CB727649}.Debug|x86.Build.0 = Debug|Win32
		{D88137F9-4A9B-47F6-A2CF-8118CB727649}.Release|x64.ActiveCfg = Release|x64
		{D88137F9-4A9B-47F6-A2CF-8118CB727649}.Release|x64.Build.0 = Release|x64
		{D88137F9-4A9B-47F6-A2CF-8118CB727649}.Release|x86.ActiveCfg = Release|Win32
		{D88137F9-4A9B-47F6-A2CF-8118CB727649}.Release|x86.Build.0 = Release|Win32
	EndGlobalSection
	GlobalSection(SolutionProperties) = preSolution
		HideSolutionNode = FALSE
	EndGlobalSection
	GlobalSection(ExtensibilityGlobals) = postSolution
		SolutionGuid = {0BB54726-9790-4A7D-9D62-65CC1E939F3F}
	EndGlobalSection
EndGlobal
